
Microsoft Visual Studio Solution File, Format Version 12.00
# Visual Studio Version 16
VisualStudioVersion = 16.0.29001.49
MinimumVisualStudioVersion = 10.0.40219.1
Project("{FAE04EC0-301F-11D3-BF4B-00C04F79EFBC}") = "InputValidator", "InputValidator\InputValidator.csproj", "{D16BC081-A2A4-4786-A946-466389520CCA}"
EndProject
Global
	GlobalSection(SolutionConfigurationPlatforms) = preSolution
		Debug|Any CPU = Debug|Any CPU
		Release|Any CPU = Release|Any CPU
	EndGlobalSection
	GlobalSection(ProjectConfigurationPlatforms) = postSolution
		{D16BC081-A2A4-4786-A946-466389520CCA}.Debug|Any CPU.ActiveCfg = Debug|Any CPU
		{D16BC081-A2A4-4786-A946-466389520CCA}.Debug|Any CPU.Build.0 = Debug|Any CPU
		{D16BC081-A2A4-4786-A946-466389520CCA}.Release|Any CPU.ActiveCfg = Release|Any CPU
		{D16BC081-A2A4-4786-A946-466389520CCA}.Release|Any CPU.Build.0 = Release|Any CPU
	EndGlobalSection
	GlobalSection(SolutionProperties) = preSolution
		HideSolutionNode = FALSE
	EndGlobalSection
	GlobalSection(ExtensibilityGlobals) = postSolution
		SolutionGuid = {15AF1BF9-CA52-4B51-A463-D1FF36881C38}
	EndGlobalSection
EndGlobal
